
Microsoft Visual Studio Solution File, Format Version 11.00
# Visual Studio 2010
Project("{8BC9CEB8-8B4A-11D0-8D11-00A0C91BC942}") = "GDKLife", "GDKLife\GDKLife.vcxproj", "{E79B9417-D29B-41D2-868E-BF4A1DECD9B3}"
EndProject
Global
	GlobalSection(SolutionConfigurationPlatforms) = preSolution
		Debug|Win32 = Debug|Win32
		Release|Win32 = Release|Win32
	EndGlobalSection
	GlobalSection(ProjectConfigurationPlatforms) = postSolution
		{E79B9417-D29B-41D2-868E-BF4A1DECD9B3}.Debug|Win32.ActiveCfg = Debug|Win32
		{E79B9417-D29B-41D2-868E-BF4A1DECD9B3}.Debug|Win32.Build.0 = Debug|Win32
		{E79B9417-D29B-41D2-868E-BF4A1DECD9B3}.Release|Win32.ActiveCfg = Release|Win32
		{E79B9417-D29B-41D2-868E-BF4A1DECD9B3}.Release|Win32.Build.0 = Release|Win32
	EndGlobalSection
	GlobalSection(SolutionProperties) = preSolution
		HideSolutionNode = FALSE
	EndGlobalSection
EndGlobal
